{
  "name": "redeem-landing",
  "version": "0.0.0",
  "lockfileVersion": 1,
  "requires": true,
  "dependencies": {
    "base-2048": {
      "version": "0.0.1",
      "resolved": "https://registry.npmjs.org/base-2048/-/base-2048-0.0.1.tgz",
      "integrity": "sha1-2oo+P+asFReLvLPwLI9St4fyFZY=",
      "requires": {
        "base-x-array": "^3.1.1"
      }
    },
    "base-x-array": {
      "version": "3.1.1",
      "resolved": "https://registry.npmjs.org/base-x-array/-/base-x-array-3.1.1.tgz",
      "integrity": "sha1-RCJfaa9Z/tC2nofIWvgutiykREk="
    },
    "guildcrypt-redeemer": {
      "version": "2.0.0",
      "resolved": "https://registry.npmjs.org/guildcrypt-redeemer/-/guildcrypt-redeemer-2.0.0.tgz",
      "integrity": "sha512-JWtXRZaEzojuaFnRhV80Ex5/k44jh97m/jqXmPdEbSgYSxLv4IzA0cm8O8h4weUxLMcZCpuhyqyxpuIh28O35A==",
      "requires": {
        "testable-error": "^1.0.0"
      }
    },
    "testable-error": {
      "version": "1.0.0",
      "resolved": "https://registry.npmjs.org/testable-error/-/testable-error-1.0.0.tgz",
      "integrity": "sha1-9lnFjZLhzt7gi5dTzWcMC3VENVE="
    }
  }
}
